
Microsoft Visual Studio Solution File, Format Version 12.00
# Visual Studio Version 16
VisualStudioVersion = 16.0.32413.511
MinimumVisualStudioVersion = 10.0.40219.1
Project("{FAE04EC0-301F-11D3-BF4B-00C04F79EFBC}") = "Construct Binary Tree from Pre In", "Construct Binary Tree from Pre In\Construct Binary Tree from Pre In.csproj", "{57ADF16E-5824-458F-814C-9D4F76CC03FD}"
EndProject
Global
	GlobalSection(SolutionConfigurationPlatforms) = preSolution
		Debug|Any CPU = Debug|Any CPU
		Release|Any CPU = Release|Any CPU
	EndGlobalSection
	GlobalSection(ProjectConfigurationPlatforms) = postSolution
		{57ADF16E-5824-458F-814C-9D4F76CC03FD}.Debug|Any CPU.ActiveCfg = Debug|Any CPU
		{57ADF16E-5824-458F-814C-9D4F76CC03FD}.Debug|Any CPU.Build.0 = Debug|Any CPU
		{57ADF16E-5824-458F-814C-9D4F76CC03FD}.Release|Any CPU.ActiveCfg = Release|Any CPU
		{57ADF16E-5824-458F-814C-9D4F76CC03FD}.Release|Any CPU.Build.0 = Release|Any CPU
	EndGlobalSection
	GlobalSection(SolutionProperties) = preSolution
		HideSolutionNode = FALSE
	EndGlobalSection
	GlobalSection(ExtensibilityGlobals) = postSolution
		SolutionGuid = {44157F8A-C2A0-4C3B-A56D-CBDA9D48674E}
	EndGlobalSection
EndGlobal
